{
    "_readme": [
        "This file locks the dependencies of your project to a known state",
        "Read more about it at https://getcomposer.org/doc/01-basic-usage.md#composer-lock-the-lock-file",
        "This file is @generated automatically"
    ],
    "content-hash": "0f33e688ce6a7148cc1514aa3c1549b5",
    "packages": [
        {
            "name": "clue/stream-filter",
            "version": "v1.4.1",
            "source": {
                "type": "git",
                "url": "https://github.com/clue/php-stream-filter.git",
                "reference": "5a58cc30a8bd6a4eb8f856adf61dd3e013f53f71"
            },
            "dist": {
                "type": "zip",
                "url": "https://api.github.com/repos/clue/php-stream-filter/zipball/5a58cc30a8bd6a4eb8f856adf61dd3e013f53f71",
                "reference": "5a58cc30a8bd6a4eb8f856adf61dd3e013f53f71",
                "shasum": ""
            },
            "require": {
                "php": ">=5.3"
            },
            "require-dev": {
                "phpunit/phpunit": "^5.0 || ^4.8"
            },
            "type": "library",
            "autoload": {
                "psr-4": {
                    "Clue\\StreamFilter\\": "src/"
                },
                "files": [
                    "src/functions_include.php"
                ]
            },
            "notification-url": "https://packagist.org/downloads/",
            "license": [
                "MIT"
            ],
            "authors": [
                {
                    "name": "Christian Lück",
                    "email": "christian@lueck.tv"
                }
            ],
            "description": "A simple and modern approach to stream filtering in PHP",
            "homepage": "https://github.com/clue/php-stream-filter",
            "keywords": [
                "bucket brigade",
                "callback",
                "filter",
                "php_user_filter",
                "stream",
                "stream_filter_append",
                "stream_filter_register"
            ],
            "time": "2019-04-09T12:31:48+00:00"
        },
        {
            "name": "curl/curl",
            "version": "2.2.0",
            "source": {
                "type": "git",
                "url": "https://github.com/php-mod/curl.git",
                "reference": "d22086dd2eee5ca02e4c29b9a5bdf3645bfdbbff"
            },
            "dist": {
                "type": "zip",
                "url": "https://api.github.com/repos/php-mod/curl/zipball/d22086dd2eee5ca02e4c29b9a5bdf3645bfdbbff",
                "reference": "d22086dd2eee5ca02e4c29b9a5bdf3645bfdbbff",
                "shasum": ""
            },
            "require": {
                "ext-curl": "*",
                "php": "^5.6 | ^7.0"
            },
            "require-dev": {
                "phpunit/phpunit": "^5.7",
                "squizlabs/php_codesniffer": "~2.1"
            },
            "type": "library",
            "autoload": {
                "psr-0": {
                    "Curl": "src/"
                }
            },
            "notification-url": "https://packagist.org/downloads/",
            "license": [
                "MIT"
            ],
            "authors": [
                {
                    "name": "Hassan Amouhzi",
                    "email": "hassan@anezi.net",
                    "homepage": "http://hassan.amouhzi.com"
                },
                {
                    "name": "php-curl-class",
                    "homepage": "https://github.com/php-curl-class"
                },
                {
                    "name": "user52",
                    "homepage": "https://github.com/user52"
                }
            ],
            "description": "cURL class for PHP",
            "homepage": "https://github.com/php-mod/curl",
            "keywords": [
                "curl",
                "dot"
            ],
            "time": "2018-12-04T19:47:03+00:00"
        },
        {
            "name": "kriswallsmith/buzz",
            "version": "1.0.1",
            "source": {
                "type": "git",
                "url": "https://github.com/kriswallsmith/Buzz.git",
                "reference": "3d436434ab6019a309b8813839a3693997d03774"
            },
            "dist": {
                "type": "zip",
                "url": "https://api.github.com/repos/kriswallsmith/Buzz/zipball/3d436434ab6019a309b8813839a3693997d03774",
                "reference": "3d436434ab6019a309b8813839a3693997d03774",
                "shasum": ""
            },
            "require": {
                "php": "^7.1",
                "php-http/httplug": "^1.1 || ^2.0",
                "psr/http-client": "^1.0",
                "psr/http-factory": "^1.0",
                "psr/http-message": "^1.0",
                "symfony/options-resolver": "^3.4 || ^4.0"
            },
            "provide": {
                "php-http/client-implementation": "1.0",
                "psr/http-client-implementation": "1.0"
            },
            "require-dev": {
                "nyholm/psr7": "^1.0",
                "php-http/client-integration-tests": "^2.0.1",
                "phpunit/phpunit": "^6.5.7",
                "psr/log": "^1.0",
                "symfony/phpunit-bridge": "^4.2.3"
            },
            "suggest": {
                "ext-curl": "To use our cUrl clients",
                "nyholm/psr7": "For PSR-7 and PSR-17 implementation"
            },
            "type": "library",
            "autoload": {
                "psr-4": {
                    "Buzz\\": "lib"
                }
            },
            "notification-url": "https://packagist.org/downloads/",
            "license": [
                "MIT"
            ],
            "authors": [
                {
                    "name": "Kris Wallsmith",
                    "email": "kris.wallsmith@gmail.com",
                    "homepage": "http://kriswallsmith.net/"
                },
                {
                    "name": "Tobias Nyholm",
                    "email": "tobias.nyholm@gmail.com",
                    "homepage": "http://tnyholm.se/"
                }
            ],
            "description": "Lightweight HTTP client",
            "homepage": "https://github.com/kriswallsmith/Buzz",
            "keywords": [
                "curl",
                "http client"
            ],
            "time": "2019-04-17T18:49:52+00:00"
        },
        {
            "name": "mailgun/mailgun-php",
            "version": "2.8.1",
            "source": {
                "type": "git",
                "url": "https://github.com/mailgun/mailgun-php.git",
                "reference": "4af0346851914ae0d9a58bf9ddf17eb48f6498c8"
            },
            "dist": {
                "type": "zip",
                "url": "https://api.github.com/repos/mailgun/mailgun-php/zipball/4af0346851914ae0d9a58bf9ddf17eb48f6498c8",
                "reference": "4af0346851914ae0d9a58bf9ddf17eb48f6498c8",
                "shasum": ""
            },
            "require": {
                "php": "^5.5 || ^7.0",
                "php-http/client-common": "^1.1",
                "php-http/discovery": "^1.0",
                "php-http/httplug": "^1.0 || ^2.0",
                "php-http/message": "^1.0",
                "php-http/multipart-stream-builder": "^1.0",
                "webmozart/assert": "^1.2"
            },
            "require-dev": {
                "guzzlehttp/psr7": "^1.4",
                "nyholm/nsa": "^1.1",
                "php-http/guzzle6-adapter": "^1.0",
                "phpunit/phpunit": "~4.8"
            },
            "suggest": {
                "guzzlehttp/psr7": "PSR-7 message implementation that also provides common utility methods",
                "php-http/curl-client": "cURL client for PHP-HTTP"
            },
            "type": "library",
            "autoload": {
                "psr-0": {
                    "Mailgun": "src/"
                }
            },
            "notification-url": "https://packagist.org/downloads/",
            "license": [
                "MIT"
            ],
            "authors": [
                {
                    "name": "Travis Swientek",
                    "email": "travis@mailgunhq.com"
                }
            ],
            "description": "The Mailgun SDK provides methods for all API functions.",
            "time": "2019-02-02T07:14:32+00:00"
        },
        {
            "name": "mashape/unirest-php",
            "version": "v3.0.4",
            "source": {
                "type": "git",
                "url": "https://github.com/Mashape/unirest-php.git",
                "reference": "842c0f242dfaaf85f16b72e217bf7f7c19ab12cb"
            },
            "dist": {
                "type": "zip",
                "url": "https://api.github.com/repos/Mashape/unirest-php/zipball/842c0f242dfaaf85f16b72e217bf7f7c19ab12cb",
                "reference": "842c0f242dfaaf85f16b72e217bf7f7c19ab12cb",
                "shasum": ""
            },
            "require": {
                "ext-curl": "*",
                "php": ">=5.4.0"
            },
            "require-dev": {
                "codeclimate/php-test-reporter": "0.1.*",
                "phpunit/phpunit": "~4.4"
            },
            "suggest": {
                "ext-json": "Allows using JSON Bodies for sending and parsing requests"
            },
            "type": "library",
            "autoload": {
                "psr-0": {
                    "Unirest\\": "src/"
                }
            },
            "notification-url": "https://packagist.org/downloads/",
            "license": [
                "MIT"
            ],
            "description": "Unirest PHP",
            "homepage": "https://github.com/Mashape/unirest-php",
            "keywords": [
                "client",
                "curl",
                "http",
                "https",
                "rest"
            ],
            "time": "2016-08-11T17:49:21+00:00"
        },
        {
            "name": "nyholm/psr7",
            "version": "1.1.0",
            "source": {
                "type": "git",
                "url": "https://github.com/Nyholm/psr7.git",
                "reference": "701fe7ea8c12c07b985b156d589134d328160cf7"
            },
            "dist": {
                "type": "zip",
                "url": "https://api.github.com/repos/Nyholm/psr7/zipball/701fe7ea8c12c07b985b156d589134d328160cf7",
                "reference": "701fe7ea8c12c07b985b156d589134d328160cf7",
                "shasum": ""
            },
            "require": {
                "php": "^7.1",
                "php-http/message-factory": "^1.0",
                "psr/http-factory": "^1.0",
                "psr/http-message": "^1.0"
            },
            "provide": {
                "psr/http-factory-implementation": "1.0",
                "psr/http-message-implementation": "1.0"
            },
            "require-dev": {
                "http-interop/http-factory-tests": "dev-master",
                "php-http/psr7-integration-tests": "dev-master",
                "phpunit/phpunit": "^7.5"
            },
            "type": "library",
            "extra": {
                "branch-alias": {
                    "dev-master": "1.0-dev"
                }
            },
            "autoload": {
                "psr-4": {
                    "Nyholm\\Psr7\\": "src/"
                }
            },
            "notification-url": "https://packagist.org/downloads/",
            "license": [
                "MIT"
            ],
            "authors": [
                {
                    "name": "Tobias Nyholm",
                    "email": "tobias.nyholm@gmail.com"
                },
                {
                    "name": "Martijn van der Ven",
                    "email": "martijn@vanderven.se"
                }
            ],
            "description": "A fast PHP7 implementation of PSR-7",
            "homepage": "http://tnyholm.se",
            "keywords": [
                "psr-17",
                "psr-7"
            ],
            "time": "2019-02-16T17:20:43+00:00"
        },
        {
            "name": "php-http/client-common",
            "version": "1.9.1",
            "source": {
                "type": "git",
                "url": "https://github.com/php-http/client-common.git",
                "reference": "0e156a12cc3e46f590c73bf57592a2252fc3dc48"
            },
            "dist": {
                "type": "zip",
                "url": "https://api.github.com/repos/php-http/client-common/zipball/0e156a12cc3e46f590c73bf57592a2252fc3dc48",
                "reference": "0e156a12cc3e46f590c73bf57592a2252fc3dc48",
                "shasum": ""
            },
            "require": {
                "php": "^5.4 || ^7.0",
                "php-http/httplug": "^1.1",
                "php-http/message": "^1.6",
                "php-http/message-factory": "^1.0",
                "symfony/options-resolver": "^2.6 || ^3.0 || ^4.0"
            },
            "require-dev": {
                "guzzlehttp/psr7": "^1.4",
                "phpspec/phpspec": "^2.5 || ^3.4 || ^4.2"
            },
            "suggest": {
                "php-http/cache-plugin": "PSR-6 Cache plugin",
                "php-http/logger-plugin": "PSR-3 Logger plugin",
                "php-http/stopwatch-plugin": "Symfony Stopwatch plugin"
            },
            "type": "library",
            "extra": {
                "branch-alias": {
                    "dev-master": "1.9.x-dev"
                }
            },
            "autoload": {
                "psr-4": {
                    "Http\\Client\\Common\\": "src/"
                }
            },
            "notification-url": "https://packagist.org/downloads/",
            "license": [
                "MIT"
            ],
            "authors": [
                {
                    "name": "Márk Sági-Kazár",
                    "email": "mark.sagikazar@gmail.com"
                }
            ],
            "description": "Common HTTP Client implementations and tools for HTTPlug",
            "homepage": "http://httplug.io",
            "keywords": [
                "client",
                "common",
                "http",
                "httplug"
            ],
            "time": "2019-02-02T07:03:15+00:00"
        },
        {
            "name": "php-http/discovery",
            "version": "1.6.1",
            "source": {
                "type": "git",
                "url": "https://github.com/php-http/discovery.git",
                "reference": "684855f2c2e9d0a61868b8f8d6bd0295c8a4b651"
            },
            "dist": {
                "type": "zip",
                "url": "https://api.github.com/repos/php-http/discovery/zipball/684855f2c2e9d0a61868b8f8d6bd0295c8a4b651",
                "reference": "684855f2c2e9d0a61868b8f8d6bd0295c8a4b651",
                "shasum": ""
            },
            "require": {
                "php": "^5.5 || ^7.0"
            },
            "conflict": {
                "nyholm/psr7": "<1.0"
            },
            "require-dev": {
                "php-http/httplug": "^1.0 || ^2.0",
                "php-http/message-factory": "^1.0",
                "phpspec/phpspec": "^2.4",
                "puli/composer-plugin": "1.0.0-beta10"
            },
            "suggest": {
                "php-http/message": "Allow to use Guzzle, Diactoros or Slim Framework factories",
                "puli/composer-plugin": "Sets up Puli which is recommended for Discovery to work. Check http://docs.php-http.org/en/latest/discovery.html for more details."
            },
            "type": "library",
            "extra": {
                "branch-alias": {
                    "dev-master": "1.5-dev"
                }
            },
            "autoload": {
                "psr-4": {
                    "Http\\Discovery\\": "src/"
                }
            },
            "notification-url": "https://packagist.org/downloads/",
            "license": [
                "MIT"
            ],
            "authors": [
                {
                    "name": "Márk Sági-Kazár",
                    "email": "mark.sagikazar@gmail.com"
                }
            ],
            "description": "Finds installed HTTPlug implementations and PSR-7 message factories",
            "homepage": "http://php-http.org",
            "keywords": [
                "adapter",
                "client",
                "discovery",
                "factory",
                "http",
                "message",
                "psr7"
            ],
            "time": "2019-02-23T07:42:53+00:00"
        },
        {
            "name": "php-http/httplug",
            "version": "v1.1.0",
            "source": {
                "type": "git",
                "url": "https://github.com/php-http/httplug.git",
                "reference": "1c6381726c18579c4ca2ef1ec1498fdae8bdf018"
            },
            "dist": {
                "type": "zip",
                "url": "https://api.github.com/repos/php-http/httplug/zipball/1c6381726c18579c4ca2ef1ec1498fdae8bdf018",
                "reference": "1c6381726c18579c4ca2ef1ec1498fdae8bdf018",
                "shasum": ""
            },
            "require": {
                "php": ">=5.4",
                "php-http/promise": "^1.0",
                "psr/http-message": "^1.0"
            },
            "require-dev": {
                "henrikbjorn/phpspec-code-coverage": "^1.0",
                "phpspec/phpspec": "^2.4"
            },
            "type": "library",
            "extra": {
                "branch-alias": {
                    "dev-master": "1.1-dev"
                }
            },
            "autoload": {
                "psr-4": {
                    "Http\\Client\\": "src/"
                }
            },
            "notification-url": "https://packagist.org/downloads/",
            "license": [
                "MIT"
            ],
            "authors": [
                {
                    "name": "Eric GELOEN",
                    "email": "geloen.eric@gmail.com"
                },
                {
                    "name": "Márk Sági-Kazár",
                    "email": "mark.sagikazar@gmail.com"
                }
            ],
            "description": "HTTPlug, the HTTP client abstraction for PHP",
            "homepage": "http://httplug.io",
            "keywords": [
                "client",
                "http"
            ],
            "time": "2016-08-31T08:30:17+00:00"
        },
        {
            "name": "php-http/message",
            "version": "1.7.2",
            "source": {
                "type": "git",
                "url": "https://github.com/php-http/message.git",
                "reference": "b159ffe570dffd335e22ef0b91a946eacb182fa1"
            },
            "dist": {
                "type": "zip",
                "url": "https://api.github.com/repos/php-http/message/zipball/b159ffe570dffd335e22ef0b91a946eacb182fa1",
                "reference": "b159ffe570dffd335e22ef0b91a946eacb182fa1",
                "shasum": ""
            },
            "require": {
                "clue/stream-filter": "^1.4",
                "php": "^5.4 || ^7.0",
                "php-http/message-factory": "^1.0.2",
                "psr/http-message": "^1.0"
            },
            "provide": {
                "php-http/message-factory-implementation": "1.0"
            },
            "require-dev": {
                "akeneo/phpspec-skip-example-extension": "^1.0",
                "coduo/phpspec-data-provider-extension": "^1.0",
                "ext-zlib": "*",
                "guzzlehttp/psr7": "^1.0",
                "henrikbjorn/phpspec-code-coverage": "^1.0",
                "phpspec/phpspec": "^2.4",
                "slim/slim": "^3.0",
                "zendframework/zend-diactoros": "^1.0"
            },
            "suggest": {
                "ext-zlib": "Used with compressor/decompressor streams",
                "guzzlehttp/psr7": "Used with Guzzle PSR-7 Factories",
                "slim/slim": "Used with Slim Framework PSR-7 implementation",
                "zendframework/zend-diactoros": "Used with Diactoros Factories"
            },
            "type": "library",
            "extra": {
                "branch-alias": {
                    "dev-master": "1.6-dev"
                }
            },
            "autoload": {
                "psr-4": {
                    "Http\\Message\\": "src/"
                },
                "files": [
                    "src/filters.php"
                ]
            },
            "notification-url": "https://packagist.org/downloads/",
            "license": [
                "MIT"
            ],
            "authors": [
                {
                    "name": "Márk Sági-Kazár",
                    "email": "mark.sagikazar@gmail.com"
                }
            ],
            "description": "HTTP Message related tools",
            "homepage": "http://php-http.org",
            "keywords": [
                "http",
                "message",
                "psr-7"
            ],
            "time": "2018-11-01T09:32:41+00:00"
        },
        {
            "name": "php-http/message-factory",
            "version": "v1.0.2",
            "source": {
                "type": "git",
                "url": "https://github.com/php-http/message-factory.git",
                "reference": "a478cb11f66a6ac48d8954216cfed9aa06a501a1"
            },
            "dist": {
                "type": "zip",
                "url": "https://api.github.com/repos/php-http/message-factory/zipball/a478cb11f66a6ac48d8954216cfed9aa06a501a1",
                "reference": "a478cb11f66a6ac48d8954216cfed9aa06a501a1",
                "shasum": ""
            },
            "require": {
                "php": ">=5.4",
                "psr/http-message": "^1.0"
            },
            "type": "library",
            "extra": {
                "branch-alias": {
                    "dev-master": "1.0-dev"
                }
            },
            "autoload": {
                "psr-4": {
                    "Http\\Message\\": "src/"
                }
            },
            "notification-url": "https://packagist.org/downloads/",
            "license": [
                "MIT"
            ],
            "authors": [
                {
                    "name": "Márk Sági-Kazár",
                    "email": "mark.sagikazar@gmail.com"
                }
            ],
            "description": "Factory interfaces for PSR-7 HTTP Message",
            "homepage": "http://php-http.org",
            "keywords": [
                "factory",
                "http",
                "message",
                "stream",
                "uri"
            ],
            "time": "2015-12-19T14:08:53+00:00"
        },
        {
            "name": "php-http/multipart-stream-builder",
            "version": "1.0.0",
            "source": {
                "type": "git",
                "url": "https://github.com/php-http/multipart-stream-builder.git",
                "reference": "1fa3c623fc813a43b39494b2a1612174e36e0fb0"
            },
            "dist": {
                "type": "zip",
                "url": "https://api.github.com/repos/php-http/multipart-stream-builder/zipball/1fa3c623fc813a43b39494b2a1612174e36e0fb0",
                "reference": "1fa3c623fc813a43b39494b2a1612174e36e0fb0",
                "shasum": ""
            },
            "require": {
                "php": "^5.5 || ^7.0",
                "php-http/discovery": "^1.0",
                "php-http/message-factory": "^1.0.2",
                "psr/http-message": "^1.0"
            },
            "require-dev": {
                "php-http/message": "^1.5",
                "phpunit/phpunit": "^4.8 || ^5.4",
                "zendframework/zend-diactoros": "^1.3.5"
            },
            "type": "library",
            "extra": {
                "branch-alias": {
                    "dev-master": "0.3-dev"
                }
            },
            "autoload": {
                "psr-4": {
                    "Http\\Message\\MultipartStream\\": "src/"
                }
            },
            "notification-url": "https://packagist.org/downloads/",
            "license": [
                "MIT"
            ],
            "authors": [
                {
                    "name": "Tobias Nyholm",
                    "email": "tobias.nyholm@gmail.com"
                }
            ],
            "description": "A builder class that help you create a multipart stream",
            "homepage": "http://php-http.org",
            "keywords": [
                "factory",
                "http",
                "message",
                "multipart stream",
                "stream"
            ],
            "time": "2017-05-21T17:45:25+00:00"
        },
        {
            "name": "php-http/promise",
            "version": "v1.0.0",
            "source": {
                "type": "git",
                "url": "https://github.com/php-http/promise.git",
                "reference": "dc494cdc9d7160b9a09bd5573272195242ce7980"
            },
            "dist": {
                "type": "zip",
                "url": "https://api.github.com/repos/php-http/promise/zipball/dc494cdc9d7160b9a09bd5573272195242ce7980",
                "reference": "dc494cdc9d7160b9a09bd5573272195242ce7980",
                "shasum": ""
            },
            "require-dev": {
                "henrikbjorn/phpspec-code-coverage": "^1.0",
                "phpspec/phpspec": "^2.4"
            },
            "type": "library",
            "extra": {
                "branch-alias": {
                    "dev-master": "1.1-dev"
                }
            },
            "autoload": {
                "psr-4": {
                    "Http\\Promise\\": "src/"
                }
            },
            "notification-url": "https://packagist.org/downloads/",
            "license": [
                "MIT"
            ],
            "authors": [
                {
                    "name": "Márk Sági-Kazár",
                    "email": "mark.sagikazar@gmail.com"
                },
                {
                    "name": "Joel Wurtz",
                    "email": "joel.wurtz@gmail.com"
                }
            ],
            "description": "Promise used for asynchronous HTTP requests",
            "homepage": "http://httplug.io",
            "keywords": [
                "promise"
            ],
            "time": "2016-01-26T13:27:02+00:00"
        },
        {
            "name": "psr/http-client",
            "version": "1.0.0",
            "source": {
                "type": "git",
                "url": "https://github.com/php-fig/http-client.git",
                "reference": "496a823ef742b632934724bf769560c2a5c7c44e"
            },
            "dist": {
                "type": "zip",
                "url": "https://api.github.com/repos/php-fig/http-client/zipball/496a823ef742b632934724bf769560c2a5c7c44e",
                "reference": "496a823ef742b632934724bf769560c2a5c7c44e",
                "shasum": ""
            },
            "require": {
                "php": "^7.0",
                "psr/http-message": "^1.0"
            },
            "type": "library",
            "extra": {
                "branch-alias": {
                    "dev-master": "1.0.x-dev"
                }
            },
            "autoload": {
                "psr-4": {
                    "Psr\\Http\\Client\\": "src/"
                }
            },
            "notification-url": "https://packagist.org/downloads/",
            "license": [
                "MIT"
            ],
            "authors": [
                {
                    "name": "PHP-FIG",
                    "homepage": "http://www.php-fig.org/"
                }
            ],
            "description": "Common interface for HTTP clients",
            "homepage": "https://github.com/php-fig/http-client",
            "keywords": [
                "http",
                "http-client",
                "psr",
                "psr-18"
            ],
            "time": "2018-10-30T23:29:13+00:00"
        },
        {
            "name": "psr/http-factory",
            "version": "1.0.0",
            "source": {
                "type": "git",
                "url": "https://github.com/php-fig/http-factory.git",
                "reference": "378bfe27931ecc54ff824a20d6f6bfc303bbd04c"
            },
            "dist": {
                "type": "zip",
                "url": "https://api.github.com/repos/php-fig/http-factory/zipball/378bfe27931ecc54ff824a20d6f6bfc303bbd04c",
                "reference": "378bfe27931ecc54ff824a20d6f6bfc303bbd04c",
                "shasum": ""
            },
            "require": {
                "php": ">=7.0.0",
                "psr/http-message": "^1.0"
            },
            "type": "library",
            "extra": {
                "branch-alias": {
                    "dev-master": "1.0.x-dev"
                }
            },
            "autoload": {
                "psr-4": {
                    "Psr\\Http\\Message\\": "src/"
                }
            },
            "notification-url": "https://packagist.org/downloads/",
            "license": [
                "MIT"
            ],
            "authors": [
                {
                    "name": "PHP-FIG",
                    "homepage": "http://www.php-fig.org/"
                }
            ],
            "description": "Common interfaces for PSR-7 HTTP message factories",
            "keywords": [
                "factory",
                "http",
                "message",
                "psr",
                "psr-17",
                "psr-7",
                "request",
                "response"
            ],
            "time": "2018-07-30T21:54:04+00:00"
        },
        {
            "name": "psr/http-message",
            "version": "1.0.1",
            "source": {
                "type": "git",
                "url": "https://github.com/php-fig/http-message.git",
                "reference": "f6561bf28d520154e4b0ec72be95418abe6d9363"
            },
            "dist": {
                "type": "zip",
                "url": "https://api.github.com/repos/php-fig/http-message/zipball/f6561bf28d520154e4b0ec72be95418abe6d9363",
                "reference": "f6561bf28d520154e4b0ec72be95418abe6d9363",
                "shasum": ""
            },
            "require": {
                "php": ">=5.3.0"
            },
            "type": "library",
            "extra": {
                "branch-alias": {
                    "dev-master": "1.0.x-dev"
                }
            },
            "autoload": {
                "psr-4": {
                    "Psr\\Http\\Message\\": "src/"
                }
            },
            "notification-url": "https://packagist.org/downloads/",
            "license": [
                "MIT"
            ],
            "authors": [
                {
                    "name": "PHP-FIG",
                    "homepage": "http://www.php-fig.org/"
                }
            ],
            "description": "Common interface for HTTP messages",
            "homepage": "https://github.com/php-fig/http-message",
            "keywords": [
                "http",
                "http-message",
                "psr",
                "psr-7",
                "request",
                "response"
            ],
            "time": "2016-08-06T14:39:51+00:00"
        },
        {
            "name": "symfony/options-resolver",
            "version": "v4.2.7",
            "source": {
                "type": "git",
                "url": "https://github.com/symfony/options-resolver.git",
                "reference": "fd4a5f27b7cd085b489247b9890ebca9f3e10044"
            },
            "dist": {
                "type": "zip",
                "url": "https://api.github.com/repos/symfony/options-resolver/zipball/fd4a5f27b7cd085b489247b9890ebca9f3e10044",
                "reference": "fd4a5f27b7cd085b489247b9890ebca9f3e10044",
                "shasum": ""
            },
            "require": {
                "php": "^7.1.3"
            },
            "type": "library",
            "extra": {
                "branch-alias": {
                    "dev-master": "4.2-dev"
                }
            },
            "autoload": {
                "psr-4": {
                    "Symfony\\Component\\OptionsResolver\\": ""
                },
                "exclude-from-classmap": [
                    "/Tests/"
                ]
            },
            "notification-url": "https://packagist.org/downloads/",
            "license": [
                "MIT"
            ],
            "authors": [
                {
                    "name": "Fabien Potencier",
                    "email": "fabien@symfony.com"
                },
                {
                    "name": "Symfony Community",
                    "homepage": "https://symfony.com/contributors"
                }
            ],
            "description": "Symfony OptionsResolver Component",
            "homepage": "https://symfony.com",
            "keywords": [
                "config",
                "configuration",
                "options"
            ],
            "time": "2019-04-10T16:20:36+00:00"
        },
        {
            "name": "symfony/polyfill-ctype",
            "version": "v1.11.0",
            "source": {
                "type": "git",
                "url": "https://github.com/symfony/polyfill-ctype.git",
                "reference": "82ebae02209c21113908c229e9883c419720738a"
            },
            "dist": {
                "type": "zip",
                "url": "https://api.github.com/repos/symfony/polyfill-ctype/zipball/82ebae02209c21113908c229e9883c419720738a",
                "reference": "82ebae02209c21113908c229e9883c419720738a",
                "shasum": ""
            },
            "require": {
                "php": ">=5.3.3"
            },
            "suggest": {
                "ext-ctype": "For best performance"
            },
            "type": "library",
            "extra": {
                "branch-alias": {
                    "dev-master": "1.11-dev"
                }
            },
            "autoload": {
                "psr-4": {
                    "Symfony\\Polyfill\\Ctype\\": ""
                },
                "files": [
                    "bootstrap.php"
                ]
            },
            "notification-url": "https://packagist.org/downloads/",
            "license": [
                "MIT"
            ],
            "authors": [
                {
                    "name": "Symfony Community",
                    "homepage": "https://symfony.com/contributors"
                },
                {
                    "name": "Gert de Pagter",
                    "email": "backendtea@gmail.com"
                }
            ],
            "description": "Symfony polyfill for ctype functions",
            "homepage": "https://symfony.com",
            "keywords": [
                "compatibility",
                "ctype",
                "polyfill",
                "portable"
            ],
            "time": "2019-02-06T07:57:58+00:00"
        },
        {
            "name": "webmozart/assert",
            "version": "1.4.0",
            "source": {
                "type": "git",
                "url": "https://github.com/webmozart/assert.git",
                "reference": "83e253c8e0be5b0257b881e1827274667c5c17a9"
            },
            "dist": {
                "type": "zip",
                "url": "https://api.github.com/repos/webmozart/assert/zipball/83e253c8e0be5b0257b881e1827274667c5c17a9",
                "reference": "83e253c8e0be5b0257b881e1827274667c5c17a9",
                "shasum": ""
            },
            "require": {
                "php": "^5.3.3 || ^7.0",
                "symfony/polyfill-ctype": "^1.8"
            },
            "require-dev": {
                "phpunit/phpunit": "^4.6",
                "sebastian/version": "^1.0.1"
            },
            "type": "library",
            "extra": {
                "branch-alias": {
                    "dev-master": "1.3-dev"
                }
            },
            "autoload": {
                "psr-4": {
                    "Webmozart\\Assert\\": "src/"
                }
            },
            "notification-url": "https://packagist.org/downloads/",
            "license": [
                "MIT"
            ],
            "authors": [
                {
                    "name": "Bernhard Schussek",
                    "email": "bschussek@gmail.com"
                }
            ],
            "description": "Assertions to validate method input/output with nice error messages.",
            "keywords": [
                "assert",
                "check",
                "validate"
            ],
            "time": "2018-12-25T11:19:39+00:00"
        }
    ],
    "packages-dev": [],
    "aliases": [],
    "minimum-stability": "stable",
    "stability-flags": [],
    "prefer-stable": false,
    "prefer-lowest": false,
    "platform": {
        "ext-json": "^1.5"
    },
    "platform-dev": []
}
