{
  "requires": true,
  "lockfileVersion": 1,
  "dependencies": {
    "delayed-scroll-restoration-polyfill": {
      "version": "0.1.1",
      "resolved": "https://registry.npmjs.org/delayed-scroll-restoration-polyfill/-/delayed-scroll-restoration-polyfill-0.1.1.tgz",
      "integrity": "sha1-93AXXaP45WX+qZMWK0xTnnAfeg8="
    }
  }
}
